
Microsoft Visual Studio Solution File, Format Version 12.00
# Visual Studio Version 16
VisualStudioVersion = 16.0.31624.102
MinimumVisualStudioVersion = 10.0.40219.1
Project("{FAE04EC0-301F-11D3-BF4B-00C04F79EFBC}") = "NFT.net", "NFT.net.csproj", "{4450CD87-D80E-430E-944D-5B5EDD829266}"
EndProject
Global
	GlobalSection(SolutionConfigurationPlatforms) = preSolution
		Debug|Any CPU = Debug|Any CPU
		Release|Any CPU = Release|Any CPU
	EndGlobalSection
	GlobalSection(ProjectConfigurationPlatforms) = postSolution
		{4450CD87-D80E-430E-944D-5B5EDD829266}.Debug|Any CPU.ActiveCfg = Debug|Any CPU
		{4450CD87-D80E-430E-944D-5B5EDD829266}.Debug|Any CPU.Build.0 = Debug|Any CPU
		{4450CD87-D80E-430E-944D-5B5EDD829266}.Release|Any CPU.ActiveCfg = Release|Any CPU
		{4450CD87-D80E-430E-944D-5B5EDD829266}.Release|Any CPU.Build.0 = Release|Any CPU
	EndGlobalSection
	GlobalSection(SolutionProperties) = preSolution
		HideSolutionNode = FALSE
	EndGlobalSection
	GlobalSection(ExtensibilityGlobals) = postSolution
		SolutionGuid = {9EE6A399-A4C9-4AF6-AAB1-0C709EFF1352}
	EndGlobalSection
EndGlobal
